
Microsoft Visual Studio Solution File, Format Version 12.00
# Visual Studio 14
VisualStudioVersion = 14.0.25123.0
MinimumVisualStudioVersion = 10.0.40219.1
Project("{FAE04EC0-301F-11D3-BF4B-00C04F79EFBC}") = "PDD.Client", "PDD\PDD.Client.csproj", "{41098FF5-6F8F-461A-8E6A-D4B6C110F598}"
EndProject
Project("{FAE04EC0-301F-11D3-BF4B-00C04F79EFBC}") = "PDD.DataModel", "PDD.DataModel\PDD.DataModel.csproj", "{FDE59ECC-4BFB-471D-8EA5-F42B45EFDE7D}"
EndProject
Project("{FAE04EC0-301F-11D3-BF4B-00C04F79EFBC}") = "PDD.EfDal", "PDD.EfDal\PDD.EfDal.csproj", "{4A402D7D-E16B-436C-BF01-EC724B956859}"
EndProject
Project("{FAE04EC0-301F-11D3-BF4B-00C04F79EFBC}") = "PDD.Infrastructure", "PDD.Infrastructure\PDD.Infrastructure.csproj", "{D7A0DB09-4240-4D8B-980C-642A9528BA48}"
EndProject
Project("{FAE04EC0-301F-11D3-BF4B-00C04F79EFBC}") = "PDD.DAL", "PDD.DAL\PDD.DAL.csproj", "{3A36645C-956B-47A0-8407-CF294FED41DC}"
EndProject
Project("{FAE04EC0-301F-11D3-BF4B-00C04F79EFBC}") = "PDD.NhDal", "PDD.NhDal\PDD.NhDal.csproj", "{2BAD086C-8901-484C-A72C-57F776F8B72D}"
EndProject
Global
	GlobalSection(SolutionConfigurationPlatforms) = preSolution
		Debug|Any CPU = Debug|Any CPU
		Release|Any CPU = Release|Any CPU
	EndGlobalSection
	GlobalSection(ProjectConfigurationPlatforms) = postSolution
		{41098FF5-6F8F-461A-8E6A-D4B6C110F598}.Debug|Any CPU.ActiveCfg = Debug|Any CPU
		{41098FF5-6F8F-461A-8E6A-D4B6C110F598}.Debug|Any CPU.Build.0 = Debug|Any CPU
		{41098FF5-6F8F-461A-8E6A-D4B6C110F598}.Release|Any CPU.ActiveCfg = Release|Any CPU
		{41098FF5-6F8F-461A-8E6A-D4B6C110F598}.Release|Any CPU.Build.0 = Release|Any CPU
		{FDE59ECC-4BFB-471D-8EA5-F42B45EFDE7D}.Debug|Any CPU.ActiveCfg = Debug|Any CPU
		{FDE59ECC-4BFB-471D-8EA5-F42B45EFDE7D}.Debug|Any CPU.Build.0 = Debug|Any CPU
		{FDE59ECC-4BFB-471D-8EA5-F42B45EFDE7D}.Release|Any CPU.ActiveCfg = Release|Any CPU
		{FDE59ECC-4BFB-471D-8EA5-F42B45EFDE7D}.Release|Any CPU.Build.0 = Release|Any CPU
		{4A402D7D-E16B-436C-BF01-EC724B956859}.Debug|Any CPU.ActiveCfg = Debug|Any CPU
		{4A402D7D-E16B-436C-BF01-EC724B956859}.Debug|Any CPU.Build.0 = Debug|Any CPU
		{4A402D7D-E16B-436C-BF01-EC724B956859}.Release|Any CPU.ActiveCfg = Release|Any CPU
		{4A402D7D-E16B-436C-BF01-EC724B956859}.Release|Any CPU.Build.0 = Release|Any CPU
		{D7A0DB09-4240-4D8B-980C-642A9528BA48}.Debug|Any CPU.ActiveCfg = Debug|Any CPU
		{D7A0DB09-4240-4D8B-980C-642A9528BA48}.Debug|Any CPU.Build.0 = Debug|Any CPU
		{D7A0DB09-4240-4D8B-980C-642A9528BA48}.Release|Any CPU.ActiveCfg = Release|Any CPU
		{D7A0DB09-4240-4D8B-980C-642A9528BA48}.Release|Any CPU.Build.0 = Release|Any CPU
		{3A36645C-956B-47A0-8407-CF294FED41DC}.Debug|Any CPU.ActiveCfg = Debug|Any CPU
		{3A36645C-956B-47A0-8407-CF294FED41DC}.Debug|Any CPU.Build.0 = Debug|Any CPU
		{3A36645C-956B-47A0-8407-CF294FED41DC}.Release|Any CPU.ActiveCfg = Release|Any CPU
		{3A36645C-956B-47A0-8407-CF294FED41DC}.Release|Any CPU.Build.0 = Release|Any CPU
		{2BAD086C-8901-484C-A72C-57F776F8B72D}.Debug|Any CPU.ActiveCfg = Debug|Any CPU
		{2BAD086C-8901-484C-A72C-57F776F8B72D}.Debug|Any CPU.Build.0 = Debug|Any CPU
		{2BAD086C-8901-484C-A72C-57F776F8B72D}.Release|Any CPU.ActiveCfg = Release|Any CPU
		{2BAD086C-8901-484C-A72C-57F776F8B72D}.Release|Any CPU.Build.0 = Release|Any CPU
	EndGlobalSection
	GlobalSection(SolutionProperties) = preSolution
		HideSolutionNode = FALSE
	EndGlobalSection
EndGlobal
